<?xml version="1.0" encoding="utf-8"?>
<Project ToolsVersion="4.0" xmlns="http://schemas.microsoft.com/developer/msbuild/2003">
  <ItemGroup>
    <Filter Include="File di origine">
      <UniqueIdentifier>{4FC737F1-C7A5-4376-A066-2A32D752A2FF}</UniqueIdentifier>
      <Extensions>cpp;c;cc;cxx;c++;cppm;ixx;def;odl;idl;hpj;bat;asm;asmx</Extensions>
    </Filter>
    <Filter Include="File di intestazione">
      <UniqueIdentifier>{93995380-89BD-4b04-88EB-625FBE52EBFB}</UniqueIdentifier>
      <Extensions>h;hh;hpp;hxx;h++;hm;inl;inc;ipp;xsd</Extensions>
    </Filter>
    <Filter Include="File di risorse">
      <UniqueIdentifier>{67DA6AB6-F800-4c08-8B7A-83BB121AAD01}</UniqueIdentifier>
      <Extensions>rc;ico;cur;bmp;dlg;rc2;rct;bin;rgs;gif;jpg;jpeg;jpe;resx;tiff;tif;png;wav;mfcribbon-ms</Extensions>
    </Filter>
  </ItemGroup>
  <ItemGroup>
    <ClCompile Include="main.cpp">
      <Filter>File di origine</Filter>
    </ClCompile>
    <ClCompile Include="glad.c">
      <Filter>File di origine</Filter>
    </ClCompile>
    <ClCompile Include="dependencies\include\imgui\imgui.cpp">
      <Filter>File di origine</Filter>
    </ClCompile>
    <ClCompile Include="dependencies\include\imgui\imgui_demo.cpp">
      <Filter>File di origine</Filter>
    </ClCompile>
    <ClCompile Include="dependencies\include\imgui\imgui_draw.cpp">
      <Filter>File di origine</Filter>
    </ClCompile>
    <ClCompile Include="dependencies\include\imgui\imgui_impl_glfw.cpp">
      <Filter>File di origine</Filter>
    </ClCompile>
    <ClCompile Include="dependencies\include\imgui\imgui_impl_opengl3.cpp">
      <Filter>File di origine</Filter>
    </ClCompile>
    <ClCompile Include="dependencies\include\imgui\imgui_tables.cpp">
      <Filter>File di origine</Filter>
    </ClCompile>
    <ClCompile Include="dependencies\include\imgui\imgui_widgets.cpp">
      <Filter>File di origine</Filter>
    </ClCompile>
    <ClCompile Include="Application\Application.cpp">
      <Filter>File di origine</Filter>
    </ClCompile>
    <ClCompile Include="Camera\Camera.cpp">
      <Filter>File di origine</Filter>
    </ClCompile>
    <ClCompile Include="Entity\Textures\Texture.cpp">
      <Filter>File di origine</Filter>
    </ClCompile>
    <ClCompile Include="Entity\Cube.cpp">
      <Filter>File di origine</Filter>
    </ClCompile>
    <ClCompile Include="Entity\Cubemap.cpp">
      <Filter>File di origine</Filter>
    </ClCompile>
    <ClCompile Include="Entity\Plane.cpp">
      <Filter>File di origine</Filter>
    </ClCompile>
    <ClCompile Include="Entity\Sphere.cpp">
      <Filter>File di origine</Filter>
    </ClCompile>
    <ClCompile Include="Game\Game.cpp">
      <Filter>File di origine</Filter>
    </ClCompile>
    <ClCompile Include="Game\IntroState.cpp">
      <Filter>File di origine</Filter>
    </ClCompile>
    <ClCompile Include="Game\OptionState.cpp">
      <Filter>File di origine</Filter>
    </ClCompile>
    <ClCompile Include="Game\PlayState.cpp">
      <Filter>File di origine</Filter>
    </ClCompile>
    <ClCompile Include="Shader\Shader.cpp">
      <Filter>File di origine</Filter>
    </ClCompile>
    <ClCompile Include="Text\Text.cpp">
      <Filter>File di origine</Filter>
    </ClCompile>
    <ClCompile Include="Window\Window.cpp">
      <Filter>File di origine</Filter>
    </ClCompile>
    <ClCompile Include="dependencies\include\imgui-file-dialog\ImGuiFileDialog.cpp">
      <Filter>File di origine</Filter>
    </ClCompile>
    <ClCompile Include="Scene\Scene.cpp">
      <Filter>File di origine</Filter>
    </ClCompile>
    <ClCompile Include="Light\PointLight.cpp">
      <Filter>File di origine</Filter>
    </ClCompile>
    <ClCompile Include="Entity\Material\Material.cpp">
      <Filter>File di origine</Filter>
    </ClCompile>
    <ClCompile Include="Light\DirectionalLight.cpp">
      <Filter>File di origine</Filter>
    </ClCompile>
    <ClCompile Include="Light\SpotLight.cpp">
      <Filter>File di origine</Filter>
    </ClCompile>
    <ClCompile Include="Action\ActionManager.cpp">
      <Filter>File di origine</Filter>
    </ClCompile>
    <ClCompile Include="Entity\Mesh.cpp">
      <Filter>File di origine</Filter>
    </ClCompile>
    <ClCompile Include="Entity\Object.cpp">
      <Filter>File di origine</Filter>
    </ClCompile>
  </ItemGroup>
  <ItemGroup>
    <ClInclude Include="dependencies\include\glad\glad.h">
      <Filter>File di intestazione</Filter>
    </ClInclude>
    <ClInclude Include="dependencies\include\GLFW\glfw3.h">
      <Filter>File di intestazione</Filter>
    </ClInclude>
    <ClInclude Include="dependencies\include\GLFW\glfw3native.h">
      <Filter>File di intestazione</Filter>
    </ClInclude>
    <ClInclude Include="dependencies\include\imgui\imconfig.h">
      <Filter>File di intestazione</Filter>
    </ClInclude>
    <ClInclude Include="dependencies\include\imgui\imgui.h">
      <Filter>File di intestazione</Filter>
    </ClInclude>
    <ClInclude Include="dependencies\include\imgui\imgui_impl_glfw.h">
      <Filter>File di intestazione</Filter>
    </ClInclude>
    <ClInclude Include="dependencies\include\imgui\imgui_impl_opengl3.h">
      <Filter>File di intestazione</Filter>
    </ClInclude>
    <ClInclude Include="dependencies\include\imgui\imgui_impl_opengl3_loader.h">
      <Filter>File di intestazione</Filter>
    </ClInclude>
    <ClInclude Include="dependencies\include\imgui\imgui_internal.h">
      <Filter>File di intestazione</Filter>
    </ClInclude>
    <ClInclude Include="dependencies\include\imgui\imstb_rectpack.h">
      <Filter>File di intestazione</Filter>
    </ClInclude>
    <ClInclude Include="dependencies\include\imgui\imstb_textedit.h">
      <Filter>File di intestazione</Filter>
    </ClInclude>
    <ClInclude Include="dependencies\include\imgui\imstb_truetype.h">
      <Filter>File di intestazione</Filter>
    </ClInclude>
    <ClInclude Include="dependencies\include\KHR\khrplatform.h">
      <Filter>File di intestazione</Filter>
    </ClInclude>
    <ClInclude Include="Application\Application.hpp">
      <Filter>File di intestazione</Filter>
    </ClInclude>
    <ClInclude Include="Camera\Camera.hpp">
      <Filter>File di intestazione</Filter>
    </ClInclude>
    <ClInclude Include="Color\Color.hpp">
      <Filter>File di intestazione</Filter>
    </ClInclude>
    <ClInclude Include="Entity\Collider\Collider.hpp">
      <Filter>File di intestazione</Filter>
    </ClInclude>
    <ClInclude Include="Entity\Collider\Collision.hpp">
      <Filter>File di intestazione</Filter>
    </ClInclude>
    <ClInclude Include="Entity\Collider\CubeCollider.hpp">
      <Filter>File di intestazione</Filter>
    </ClInclude>
    <ClInclude Include="Entity\Collider\SphereCollider.hpp">
      <Filter>File di intestazione</Filter>
    </ClInclude>
    <ClInclude Include="Entity\Textures\Texture.hpp">
      <Filter>File di intestazione</Filter>
    </ClInclude>
    <ClInclude Include="Entity\Transform\Transform.hpp">
      <Filter>File di intestazione</Filter>
    </ClInclude>
    <ClInclude Include="Entity\Cube.hpp">
      <Filter>File di intestazione</Filter>
    </ClInclude>
    <ClInclude Include="Entity\Cubemap.hpp">
      <Filter>File di intestazione</Filter>
    </ClInclude>
    <ClInclude Include="Entity\Entity.hpp">
      <Filter>File di intestazione</Filter>
    </ClInclude>
    <ClInclude Include="Entity\Plane.hpp">
      <Filter>File di intestazione</Filter>
    </ClInclude>
    <ClInclude Include="Entity\Sphere.hpp">
      <Filter>File di intestazione</Filter>
    </ClInclude>
    <ClInclude Include="Game\Game.hpp">
      <Filter>File di intestazione</Filter>
    </ClInclude>
    <ClInclude Include="Game\GameState.hpp">
      <Filter>File di intestazione</Filter>
    </ClInclude>
    <ClInclude Include="Game\IntroState.hpp">
      <Filter>File di intestazione</Filter>
    </ClInclude>
    <ClInclude Include="Game\OptionState.hpp">
      <Filter>File di intestazione</Filter>
    </ClInclude>
    <ClInclude Include="Game\PlayState.hpp">
      <Filter>File di intestazione</Filter>
    </ClInclude>
    <ClInclude Include="Menu\ButtonComponent.hpp">
      <Filter>File di intestazione</Filter>
    </ClInclude>
    <ClInclude Include="Menu\Component.hpp">
      <Filter>File di intestazione</Filter>
    </ClInclude>
    <ClInclude Include="Menu\IGEntity.hpp">
      <Filter>File di intestazione</Filter>
    </ClInclude>
    <ClInclude Include="Menu\IGMenu.hpp">
      <Filter>File di intestazione</Filter>
    </ClInclude>
    <ClInclude Include="Menu\OptionPane.hpp">
      <Filter>File di intestazione</Filter>
    </ClInclude>
    <ClInclude Include="Menu\RectComponent.hpp">
      <Filter>File di intestazione</Filter>
    </ClInclude>
    <ClInclude Include="Shader\Shader.hpp">
      <Filter>File di intestazione</Filter>
    </ClInclude>
    <ClInclude Include="Text\Text.hpp">
      <Filter>File di intestazione</Filter>
    </ClInclude>
    <ClInclude Include="Window\Crosshair.hpp">
      <Filter>File di intestazione</Filter>
    </ClInclude>
    <ClInclude Include="Window\Window.hpp">
      <Filter>File di intestazione</Filter>
    </ClInclude>
    <ClInclude Include="Lib.hpp">
      <Filter>File di intestazione</Filter>
    </ClInclude>
    <ClInclude Include="LibCustomGui.hpp">
      <Filter>File di intestazione</Filter>
    </ClInclude>
    <ClInclude Include="dependencies\include\imgui-file-dialog\ImGuiFileDialog.h">
      <Filter>File di intestazione</Filter>
    </ClInclude>
    <ClInclude Include="dependencies\include\imgui-file-dialog\ImGuiFileDialogConfig.h">
      <Filter>File di intestazione</Filter>
    </ClInclude>
    <ClInclude Include="dependencies\include\imgui-file-dialog\dirent\dirent.h">
      <Filter>File di intestazione</Filter>
    </ClInclude>
    <ClInclude Include="Scene\Scene.hpp">
      <Filter>File di intestazione</Filter>
    </ClInclude>
    <ClInclude Include="Menu\IGMode.hpp">
      <Filter>File di intestazione</Filter>
    </ClInclude>
    <ClInclude Include="LibLightStruct.hpp">
      <Filter>File di intestazione</Filter>
    </ClInclude>
    <ClInclude Include="Menu\IGCamera.hpp">
      <Filter>File di intestazione</Filter>
    </ClInclude>
    <ClInclude Include="Light\Light.hpp">
      <Filter>File di intestazione</Filter>
    </ClInclude>
    <ClInclude Include="Light\Pointlight.hpp">
      <Filter>File di intestazione</Filter>
    </ClInclude>
    <ClInclude Include="Entity\Material\Material.hpp">
      <Filter>File di intestazione</Filter>
    </ClInclude>
    <ClInclude Include="Menu\IGLights.hpp">
      <Filter>File di intestazione</Filter>
    </ClInclude>
    <ClInclude Include="Light\DirectionalLight.hpp">
      <Filter>File di intestazione</Filter>
    </ClInclude>
    <ClInclude Include="Light\SpotLight.hpp">
      <Filter>File di intestazione</Filter>
    </ClInclude>
    <ClInclude Include="Action\Action.hpp">
      <Filter>File di intestazione</Filter>
    </ClInclude>
    <ClInclude Include="Action\ActionManager.hpp">
      <Filter>File di intestazione</Filter>
    </ClInclude>
    <ClInclude Include="Menu\Logger\Log.hpp">
      <Filter>File di intestazione</Filter>
    </ClInclude>
    <ClInclude Include="Menu\Logger\LogManager.hpp">
      <Filter>File di intestazione</Filter>
    </ClInclude>
    <ClInclude Include="Menu\IGDebug.hpp">
      <Filter>File di intestazione</Filter>
    </ClInclude>
    <ClInclude Include="Menu\IGMousePopup.hpp">
      <Filter>File di intestazione</Filter>
    </ClInclude>
    <ClInclude Include="Entity\Mesh.hpp">
      <Filter>File di intestazione</Filter>
    </ClInclude>
    <ClInclude Include="Entity\Object.hpp">
      <Filter>File di intestazione</Filter>
    </ClInclude>
  </ItemGroup>
  <ItemGroup>
    <Library Include="dependencies\lib\glfw3.lib" />
  </ItemGroup>
  <ItemGroup>
    <None Include="packages.config" />
  </ItemGroup>
</Project>